
Microsoft Visual Studio Solution File, Format Version 12.00
# Visual Studio Version 17
VisualStudioVersion = 17.2.32630.192
MinimumVisualStudioVersion = 10.0.40219.1
Project("{FAE04EC0-301F-11D3-BF4B-00C04F79EFBC}") = "nbody", "nbody\nbody.csproj", "{A7D72ED0-A6E0-4FBF-8064-763FEFFDF400}"
EndProject
Global
	GlobalSection(SolutionConfigurationPlatforms) = preSolution
		Debug|Any CPU = Debug|Any CPU
		Release|Any CPU = Release|Any CPU
	EndGlobalSection
	GlobalSection(ProjectConfigurationPlatforms) = postSolution
		{A7D72ED0-A6E0-4FBF-8064-763FEFFDF400}.Debug|Any CPU.ActiveCfg = Debug|Any CPU
		{A7D72ED0-A6E0-4FBF-8064-763FEFFDF400}.Debug|Any CPU.Build.0 = Debug|Any CPU
		{A7D72ED0-A6E0-4FBF-8064-763FEFFDF400}.Release|Any CPU.ActiveCfg = Release|Any CPU
		{A7D72ED0-A6E0-4FBF-8064-763FEFFDF400}.Release|Any CPU.Build.0 = Release|Any CPU
	EndGlobalSection
	GlobalSection(SolutionProperties) = preSolution
		HideSolutionNode = FALSE
	EndGlobalSection
	GlobalSection(ExtensibilityGlobals) = postSolution
		SolutionGuid = {851B7BBB-B9EE-4998-A9AF-65022D779469}
	EndGlobalSection
EndGlobal
